
Microsoft Visual Studio Solution File, Format Version 12.00
# Visual Studio Version 16
VisualStudioVersion = 16.0.28803.202
MinimumVisualStudioVersion = 10.0.40219.1
Project("{FAE04EC0-301F-11D3-BF4B-00C04F79EFBC}") = "Mark8TextAdventure", "Mark8TextAdventure\Mark8TextAdventure.csproj", "{B56FFFE0-601C-4658-8FC6-5F467CE2B1DB}"
EndProject
Global
	GlobalSection(SolutionConfigurationPlatforms) = preSolution
		Debug|Any CPU = Debug|Any CPU
		Release|Any CPU = Release|Any CPU
	EndGlobalSection
	GlobalSection(ProjectConfigurationPlatforms) = postSolution
		{B56FFFE0-601C-4658-8FC6-5F467CE2B1DB}.Debug|Any CPU.ActiveCfg = Debug|Any CPU
		{B56FFFE0-601C-4658-8FC6-5F467CE2B1DB}.Debug|Any CPU.Build.0 = Debug|Any CPU
		{B56FFFE0-601C-4658-8FC6-5F467CE2B1DB}.Release|Any CPU.ActiveCfg = Release|Any CPU
		{B56FFFE0-601C-4658-8FC6-5F467CE2B1DB}.Release|Any CPU.Build.0 = Release|Any CPU
	EndGlobalSection
	GlobalSection(SolutionProperties) = preSolution
		HideSolutionNode = FALSE
	EndGlobalSection
	GlobalSection(ExtensibilityGlobals) = postSolution
		SolutionGuid = {E5D1E130-5677-4E26-9C47-78438C1EAD0D}
	EndGlobalSection
EndGlobal
